
Microsoft Visual Studio Solution File, Format Version 12.00
# Visual Studio Version 17
VisualStudioVersion = 17.10.35027.167
MinimumVisualStudioVersion = 10.0.40219.1
Project("{9A19103F-16F7-4668-BE54-9A1E7A4F7556}") = "Malcrow", "Malcrow\Malcrow.csproj", "{95CF692B-E15D-4B10-9079-C3B5DC76C9D0}"
EndProject
Global
	GlobalSection(SolutionConfigurationPlatforms) = preSolution
		Debug|Any CPU = Debug|Any CPU
		Release|Any CPU = Release|Any CPU
	EndGlobalSection
	GlobalSection(ProjectConfigurationPlatforms) = postSolution
		{95CF692B-E15D-4B10-9079-C3B5DC76C9D0}.Debug|Any CPU.ActiveCfg = Debug|Any CPU
		{95CF692B-E15D-4B10-9079-C3B5DC76C9D0}.Debug|Any CPU.Build.0 = Debug|Any CPU
		{95CF692B-E15D-4B10-9079-C3B5DC76C9D0}.Release|Any CPU.ActiveCfg = Release|Any CPU
		{95CF692B-E15D-4B10-9079-C3B5DC76C9D0}.Release|Any CPU.Build.0 = Release|Any CPU
	EndGlobalSection
	GlobalSection(SolutionProperties) = preSolution
		HideSolutionNode = FALSE
	EndGlobalSection
	GlobalSection(ExtensibilityGlobals) = postSolution
		SolutionGuid = {545ED9AE-D2CC-45D2-893B-87AA2A127C62}
	EndGlobalSection
EndGlobal
